go.yaml.in/yaml/v2 v2.4.3 h1:6gvOSjQoTB3vt1l+CU+tSyi/HOjfOjRLJ4YwYZGwRO0=
go.yaml.in/yaml/v2 v2.4.3/go.mod h1:zSxWcmIDjOzPXpjlTTbAsKokqkDNAVtZO0WOMiT90s8=
gopkg.in/check.v1 v0.0.0-20161208181325-20d25e280405/go.mod h1:Co6ibVJAznAaIkqp8huTwlJQCZ016jof/cbN4VW5Yz0=
k8s.io/apimachinery v0.36.4 h1:PT2UzkupGuAx/+xT5XjiMJ1WGpY3fn9/hdAvjweRet4=
k8s.io/apimachinery v0.36.4/go.mod h1:p2I2dipt7JHG+quVwQ1d02d28O4GdDi77RByQ13MTpk=
k8s.io/apiserver v0.36.4 h1:AtKjaf2eUiX5G6TfF2IOlhuUuvMsHh49Ivr1+4fZ2gA=
k8s.io/apiserver v0.36.4/go.mod h1:RyiGghXP67hb0Ll+7iLJ6GGv2JpEzCn7ljbiA+L3cJ0=
k8s.io/client-go v0.36.4 h1:MDvfDNvMSt0Br94SK8neviVlwL9qifw9B26hJCpD1K0=
k8s.io/client-go v0.36.4/go.mod h1:pNK4WKELbwlEDvtbE8l22lEZL5THYF61H5EealokZmA=
sigs.k8s.io/yaml v1.6.0 h1:G8fkbMSAFqgEFgh4b1wmtzDnioxFCUgTZhlbj5P9QYs=
sigs.k8s.io/yaml v1.6.0/go.mod h1:796bPqUfzR/0jLAl6XjHl3Ck7MiyVv8dbTdyT3/pMf4=
